
Microsoft Visual Studio Solution File, Format Version 12.00
# Visual Studio Version 16
VisualStudioVersion = 16.0.30804.86
MinimumVisualStudioVersion = 10.0.40219.1
Project("{2150E333-8FDC-42A3-9474-1A3956D46DE8}") = "Clients", "Clients", "{06E407D7-A4A3-4870-92B6-D7F8352A7164}"
EndProject
Project("{2150E333-8FDC-42A3-9474-1A3956D46DE8}") = "Agents", "Agents", "{7A2DC6DD-42D2-4C78-9EDC-39327A5B8082}"
EndProject
Project("{2150E333-8FDC-42A3-9474-1A3956D46DE8}") = "Output", "Output", "{75AEC697-125E-42EA-BFD4-7504A1DD2996}"
EndProject
Project("{2150E333-8FDC-42A3-9474-1A3956D46DE8}") = "Players", "Players", "{76C2DEA4-D72F-4931-9ACA-B2DDC33BDE98}"
EndProject
Project("{8BC9CEB8-8B4A-11D0-8D11-00A0C91BC942}") = "NostalgicPlayerLibrary_Native", "NostalgicPlayerLibrary_Native\NostalgicPlayerLibrary_Native.vcxproj", "{E09C9206-A893-43B9-95FA-17B5504AD99D}"
EndProject
Project("{9A19103F-16F7-4668-BE54-9A1E7A4F7556}") = "NostalgicPlayerKit", "NostalgicPlayerKit\NostalgicPlayerKit.csproj", "{A75C7796-6E7D-4ABE-A3E3-643D222862FE}"
EndProject
Project("{9A19103F-16F7-4668-BE54-9A1E7A4F7556}") = "NostalgicPlayerLibrary", "NostalgicPlayerLibrary\NostalgicPlayerLibrary.csproj", "{39A8EA8E-EB91-438A-BAEF-872C477E7DB5}"
	ProjectSection(ProjectDependencies) = postProject
		{E09C9206-A893-43B9-95FA-17B5504AD99D} = {E09C9206-A893-43B9-95FA-17B5504AD99D}
	EndProjectSection
EndProject
Project("{9A19103F-16F7-4668-BE54-9A1E7A4F7556}") = "CoreAudio", "Agents\Output\CoreAudio\CoreAudio.csproj", "{8784649C-9865-451D-8080-69426E349894}"
EndProject
Project("{9A19103F-16F7-4668-BE54-9A1E7A4F7556}") = "JamCracker", "Agents\Players\JamCracker\JamCracker.csproj", "{AB573AA0-6761-4FFB-82EA-3671F49805F1}"
EndProject
Project("{9A19103F-16F7-4668-BE54-9A1E7A4F7556}") = "NostalgicPlayerConsole", "Clients\NostalgicPlayerConsole\NostalgicPlayerConsole.csproj", "{EAD4D3A6-9AE0-4060-9C24-E9902A620BC7}"
	ProjectSection(ProjectDependencies) = postProject
		{040C2704-72B4-437C-B130-5C08F1492678} = {040C2704-72B4-437C-B130-5C08F1492678}
		{8784649C-9865-451D-8080-69426E349894} = {8784649C-9865-451D-8080-69426E349894}
		{AB573AA0-6761-4FFB-82EA-3671F49805F1} = {AB573AA0-6761-4FFB-82EA-3671F49805F1}
		{C5DA76E9-411E-4D06-9A5A-5702E7512B60} = {C5DA76E9-411E-4D06-9A5A-5702E7512B60}
		{53AD8FEB-9357-46AE-ABF9-6580CB608767} = {53AD8FEB-9357-46AE-ABF9-6580CB608767}
	EndProjectSection
EndProject
Project("{9A19103F-16F7-4668-BE54-9A1E7A4F7556}") = "NostalgicPlayer", "Clients\NostalgicPlayer\NostalgicPlayer.csproj", "{5805A6B4-6FFC-4BC0-9B44-91ADD71B6426}"
	ProjectSection(ProjectDependencies) = postProject
		{040C2704-72B4-437C-B130-5C08F1492678} = {040C2704-72B4-437C-B130-5C08F1492678}
		{DF5F2D7B-89F4-409A-B3E4-AD79E3337ECB} = {DF5F2D7B-89F4-409A-B3E4-AD79E3337ECB}
		{8784649C-9865-451D-8080-69426E349894} = {8784649C-9865-451D-8080-69426E349894}
		{AB573AA0-6761-4FFB-82EA-3671F49805F1} = {AB573AA0-6761-4FFB-82EA-3671F49805F1}
		{A6CB85D0-88D7-4CB5-A80A-2E51EE76891F} = {A6CB85D0-88D7-4CB5-A80A-2E51EE76891F}
		{C5DA76E9-411E-4D06-9A5A-5702E7512B60} = {C5DA76E9-411E-4D06-9A5A-5702E7512B60}
		{53AD8FEB-9357-46AE-ABF9-6580CB608767} = {53AD8FEB-9357-46AE-ABF9-6580CB608767}
	EndProjectSection
EndProject
Project("{9A19103F-16F7-4668-BE54-9A1E7A4F7556}") = "Raw", "Agents\SampleConverters\Raw\Raw.csproj", "{040C2704-72B4-437C-B130-5C08F1492678}"
EndProject
Project("{2150E333-8FDC-42A3-9474-1A3956D46DE8}") = "SampleConverters", "SampleConverters", "{75B3050D-CFA1-4C39-918B-9EBA28D5639D}"
EndProject
Project("{9A19103F-16F7-4668-BE54-9A1E7A4F7556}") = "DiskSaver", "Agents\Output\DiskSaver\DiskSaver.csproj", "{DF5F2D7B-89F4-409A-B3E4-AD79E3337ECB}"
EndProject
Project("{9A19103F-16F7-4668-BE54-9A1E7A4F7556}") = "NostalgicPlayerGuiKit", "NostalgicPlayerGuiKit\NostalgicPlayerGuiKit.csproj", "{B9C2ACE1-E952-4C1B-9E53-D80A7857411B}"
EndProject
Project("{9A19103F-16F7-4668-BE54-9A1E7A4F7556}") = "RiffWave", "Agents\SampleConverters\RiffWave\RiffWave.csproj", "{53AD8FEB-9357-46AE-ABF9-6580CB608767}"
EndProject
Project("{2150E333-8FDC-42A3-9474-1A3956D46DE8}") = "Visuals", "Visuals", "{8FD08CFB-4C51-4C0B-8594-971118BF99E9}"
EndProject
Project("{9A19103F-16F7-4668-BE54-9A1E7A4F7556}") = "SpinningSquares", "Agents\Visuals\SpinningSquares\SpinningSquares.csproj", "{A6CB85D0-88D7-4CB5-A80A-2E51EE76891F}"
EndProject
Project("{9A19103F-16F7-4668-BE54-9A1E7A4F7556}") = "ModTracker", "Agents\Players\ModTracker\ModTracker.csproj", "{C5DA76E9-411E-4D06-9A5A-5702E7512B60}"
EndProject
Global
	GlobalSection(SolutionConfigurationPlatforms) = preSolution
		Debug|Any CPU = Debug|Any CPU
		Debug|x64 = Debug|x64
		Debug|x86 = Debug|x86
		Release|Any CPU = Release|Any CPU
		Release|x64 = Release|x64
		Release|x86 = Release|x86
	EndGlobalSection
	GlobalSection(ProjectConfigurationPlatforms) = postSolution
		{E09C9206-A893-43B9-95FA-17B5504AD99D}.Debug|Any CPU.ActiveCfg = Debug|x64
		{E09C9206-A893-43B9-95FA-17B5504AD99D}.Debug|Any CPU.Build.0 = Debug|x64
		{E09C9206-A893-43B9-95FA-17B5504AD99D}.Debug|x64.ActiveCfg = Debug|x64
		{E09C9206-A893-43B9-95FA-17B5504AD99D}.Debug|x64.Build.0 = Debug|x64
		{E09C9206-A893-43B9-95FA-17B5504AD99D}.Debug|x86.ActiveCfg = Debug|Win32
		{E09C9206-A893-43B9-95FA-17B5504AD99D}.Debug|x86.Build.0 = Debug|Win32
		{E09C9206-A893-43B9-95FA-17B5504AD99D}.Release|Any CPU.ActiveCfg = Release|x64
		{E09C9206-A893-43B9-95FA-17B5504AD99D}.Release|x64.ActiveCfg = Release|x64
		{E09C9206-A893-43B9-95FA-17B5504AD99D}.Release|x64.Build.0 = Release|x64
		{E09C9206-A893-43B9-95FA-17B5504AD99D}.Release|x86.ActiveCfg = Release|Win32
		{E09C9206-A893-43B9-95FA-17B5504AD99D}.Release|x86.Build.0 = Release|Win32
		{A75C7796-6E7D-4ABE-A3E3-643D222862FE}.Debug|Any CPU.ActiveCfg = Debug|Any CPU
		{A75C7796-6E7D-4ABE-A3E3-643D222862FE}.Debug|Any CPU.Build.0 = Debug|Any CPU
		{A75C7796-6E7D-4ABE-A3E3-643D222862FE}.Debug|x64.ActiveCfg = Debug|Any CPU
		{A75C7796-6E7D-4ABE-A3E3-643D222862FE}.Debug|x64.Build.0 = Debug|Any CPU
		{A75C7796-6E7D-4ABE-A3E3-643D222862FE}.Debug|x86.ActiveCfg = Debug|Any CPU
		{A75C7796-6E7D-4ABE-A3E3-643D222862FE}.Debug|x86.Build.0 = Debug|Any CPU
		{A75C7796-6E7D-4ABE-A3E3-643D222862FE}.Release|Any CPU.ActiveCfg = Release|Any CPU
		{A75C7796-6E7D-4ABE-A3E3-643D222862FE}.Release|Any CPU.Build.0 = Release|Any CPU
		{A75C7796-6E7D-4ABE-A3E3-643D222862FE}.Release|x64.ActiveCfg = Release|Any CPU
		{A75C7796-6E7D-4ABE-A3E3-643D222862FE}.Release|x86.ActiveCfg = Release|Any CPU
		{39A8EA8E-EB91-438A-BAEF-872C477E7DB5}.Debug|Any CPU.ActiveCfg = Debug|Any CPU
		{39A8EA8E-EB91-438A-BAEF-872C477E7DB5}.Debug|Any CPU.Build.0 = Debug|Any CPU
		{39A8EA8E-EB91-438A-BAEF-872C477E7DB5}.Debug|x64.ActiveCfg = Debug|Any CPU
		{39A8EA8E-EB91-438A-BAEF-872C477E7DB5}.Debug|x64.Build.0 = Debug|Any CPU
		{39A8EA8E-EB91-438A-BAEF-872C477E7DB5}.Debug|x86.ActiveCfg = Debug|Any CPU
		{39A8EA8E-EB91-438A-BAEF-872C477E7DB5}.Debug|x86.Build.0 = Debug|Any CPU
		{39A8EA8E-EB91-438A-BAEF-872C477E7DB5}.Release|Any CPU.ActiveCfg = Release|Any CPU
		{39A8EA8E-EB91-438A-BAEF-872C477E7DB5}.Release|Any CPU.Build.0 = Release|Any CPU
		{39A8EA8E-EB91-438A-BAEF-872C477E7DB5}.Release|x64.ActiveCfg = Release|Any CPU
		{39A8EA8E-EB91-438A-BAEF-872C477E7DB5}.Release|x86.ActiveCfg = Release|Any CPU
		{8784649C-9865-451D-8080-69426E349894}.Debug|Any CPU.ActiveCfg = Debug|Any CPU
		{8784649C-9865-451D-8080-69426E349894}.Debug|Any CPU.Build.0 = Debug|Any CPU
		{8784649C-9865-451D-8080-69426E349894}.Debug|x64.ActiveCfg = Debug|Any CPU
		{8784649C-9865-451D-8080-69426E349894}.Debug|x64.Build.0 = Debug|Any CPU
		{8784649C-9865-451D-8080-69426E349894}.Debug|x86.ActiveCfg = Debug|Any CPU
		{8784649C-9865-451D-8080-69426E349894}.Debug|x86.Build.0 = Debug|Any CPU
		{8784649C-9865-451D-8080-69426E349894}.Release|Any CPU.ActiveCfg = Release|Any CPU
		{8784649C-9865-451D-8080-69426E349894}.Release|Any CPU.Build.0 = Release|Any CPU
		{8784649C-9865-451D-8080-69426E349894}.Release|x64.ActiveCfg = Release|Any CPU
		{8784649C-9865-451D-8080-69426E349894}.Release|x86.ActiveCfg = Release|Any CPU
		{AB573AA0-6761-4FFB-82EA-3671F49805F1}.Debug|Any CPU.ActiveCfg = Debug|Any CPU
		{AB573AA0-6761-4FFB-82EA-3671F49805F1}.Debug|Any CPU.Build.0 = Debug|Any CPU
		{AB573AA0-6761-4FFB-82EA-3671F49805F1}.Debug|x64.ActiveCfg = Debug|Any CPU
		{AB573AA0-6761-4FFB-82EA-3671F49805F1}.Debug|x64.Build.0 = Debug|Any CPU
		{AB573AA0-6761-4FFB-82EA-3671F49805F1}.Debug|x86.ActiveCfg = Debug|Any CPU
		{AB573AA0-6761-4FFB-82EA-3671F49805F1}.Debug|x86.Build.0 = Debug|Any CPU
		{AB573AA0-6761-4FFB-82EA-3671F49805F1}.Release|Any CPU.ActiveCfg = Release|Any CPU
		{AB573AA0-6761-4FFB-82EA-3671F49805F1}.Release|Any CPU.Build.0 = Release|Any CPU
		{AB573AA0-6761-4FFB-82EA-3671F49805F1}.Release|x64.ActiveCfg = Release|Any CPU
		{AB573AA0-6761-4FFB-82EA-3671F49805F1}.Release|x64.Build.0 = Release|Any CPU
		{AB573AA0-6761-4FFB-82EA-3671F49805F1}.Release|x86.ActiveCfg = Release|Any CPU
		{AB573AA0-6761-4FFB-82EA-3671F49805F1}.Release|x86.Build.0 = Release|Any CPU
		{EAD4D3A6-9AE0-4060-9C24-E9902A620BC7}.Debug|Any CPU.ActiveCfg = Debug|Any CPU
		{EAD4D3A6-9AE0-4060-9C24-E9902A620BC7}.Debug|Any CPU.Build.0 = Debug|Any CPU
		{EAD4D3A6-9AE0-4060-9C24-E9902A620BC7}.Debug|x64.ActiveCfg = Debug|Any CPU
		{EAD4D3A6-9AE0-4060-9C24-E9902A620BC7}.Debug|x64.Build.0 = Debug|Any CPU
		{EAD4D3A6-9AE0-4060-9C24-E9902A620BC7}.Debug|x86.ActiveCfg = Debug|Any CPU
		{EAD4D3A6-9AE0-4060-9C24-E9902A620BC7}.Debug|x86.Build.0 = Debug|Any CPU
		{EAD4D3A6-9AE0-4060-9C24-E9902A620BC7}.Release|Any CPU.ActiveCfg = Release|Any CPU
		{EAD4D3A6-9AE0-4060-9C24-E9902A620BC7}.Release|Any CPU.Build.0 = Release|Any CPU
		{EAD4D3A6-9AE0-4060-9C24-E9902A620BC7}.Release|x64.ActiveCfg = Release|Any CPU
		{EAD4D3A6-9AE0-4060-9C24-E9902A620BC7}.Release|x64.Build.0 = Release|Any CPU
		{EAD4D3A6-9AE0-4060-9C24-E9902A620BC7}.Release|x86.ActiveCfg = Release|Any CPU
		{EAD4D3A6-9AE0-4060-9C24-E9902A620BC7}.Release|x86.Build.0 = Release|Any CPU
		{5805A6B4-6FFC-4BC0-9B44-91ADD71B6426}.Debug|Any CPU.ActiveCfg = Debug|Any CPU
		{5805A6B4-6FFC-4BC0-9B44-91ADD71B6426}.Debug|Any CPU.Build.0 = Debug|Any CPU
		{5805A6B4-6FFC-4BC0-9B44-91ADD71B6426}.Debug|x64.ActiveCfg = Debug|Any CPU
		{5805A6B4-6FFC-4BC0-9B44-91ADD71B6426}.Debug|x64.Build.0 = Debug|Any CPU
		{5805A6B4-6FFC-4BC0-9B44-91ADD71B6426}.Debug|x86.ActiveCfg = Debug|Any CPU
		{5805A6B4-6FFC-4BC0-9B44-91ADD71B6426}.Debug|x86.Build.0 = Debug|Any CPU
		{5805A6B4-6FFC-4BC0-9B44-91ADD71B6426}.Release|Any CPU.ActiveCfg = Release|Any CPU
		{5805A6B4-6FFC-4BC0-9B44-91ADD71B6426}.Release|Any CPU.Build.0 = Release|Any CPU
		{5805A6B4-6FFC-4BC0-9B44-91ADD71B6426}.Release|x64.ActiveCfg = Release|Any CPU
		{5805A6B4-6FFC-4BC0-9B44-91ADD71B6426}.Release|x64.Build.0 = Release|Any CPU
		{5805A6B4-6FFC-4BC0-9B44-91ADD71B6426}.Release|x86.ActiveCfg = Release|Any CPU
		{5805A6B4-6FFC-4BC0-9B44-91ADD71B6426}.Release|x86.Build.0 = Release|Any CPU
		{040C2704-72B4-437C-B130-5C08F1492678}.Debug|Any CPU.ActiveCfg = Debug|Any CPU
		{040C2704-72B4-437C-B130-5C08F1492678}.Debug|Any CPU.Build.0 = Debug|Any CPU
		{040C2704-72B4-437C-B130-5C08F1492678}.Debug|x64.ActiveCfg = Debug|Any CPU
		{040C2704-72B4-437C-B130-5C08F1492678}.Debug|x64.Build.0 = Debug|Any CPU
		{040C2704-72B4-437C-B130-5C08F1492678}.Debug|x86.ActiveCfg = Debug|Any CPU
		{040C2704-72B4-437C-B130-5C08F1492678}.Debug|x86.Build.0 = Debug|Any CPU
		{040C2704-72B4-437C-B130-5C08F1492678}.Release|Any CPU.ActiveCfg = Release|Any CPU
		{040C2704-72B4-437C-B130-5C08F1492678}.Release|Any CPU.Build.0 = Release|Any CPU
		{040C2704-72B4-437C-B130-5C08F1492678}.Release|x64.ActiveCfg = Release|Any CPU
		{040C2704-72B4-437C-B130-5C08F1492678}.Release|x64.Build.0 = Release|Any CPU
		{040C2704-72B4-437C-B130-5C08F1492678}.Release|x86.ActiveCfg = Release|Any CPU
		{040C2704-72B4-437C-B130-5C08F1492678}.Release|x86.Build.0 = Release|Any CPU
		{DF5F2D7B-89F4-409A-B3E4-AD79E3337ECB}.Debug|Any CPU.ActiveCfg = Debug|Any CPU
		{DF5F2D7B-89F4-409A-B3E4-AD79E3337ECB}.Debug|Any CPU.Build.0 = Debug|Any CPU
		{DF5F2D7B-89F4-409A-B3E4-AD79E3337ECB}.Debug|x64.ActiveCfg = Debug|Any CPU
		{DF5F2D7B-89F4-409A-B3E4-AD79E3337ECB}.Debug|x64.Build.0 = Debug|Any CPU
		{DF5F2D7B-89F4-409A-B3E4-AD79E3337ECB}.Debug|x86.ActiveCfg = Debug|Any CPU
		{DF5F2D7B-89F4-409A-B3E4-AD79E3337ECB}.Debug|x86.Build.0 = Debug|Any CPU
		{DF5F2D7B-89F4-409A-B3E4-AD79E3337ECB}.Release|Any CPU.ActiveCfg = Release|Any CPU
		{DF5F2D7B-89F4-409A-B3E4-AD79E3337ECB}.Release|Any CPU.Build.0 = Release|Any CPU
		{DF5F2D7B-89F4-409A-B3E4-AD79E3337ECB}.Release|x64.ActiveCfg = Release|Any CPU
		{DF5F2D7B-89F4-409A-B3E4-AD79E3337ECB}.Release|x64.Build.0 = Release|Any CPU
		{DF5F2D7B-89F4-409A-B3E4-AD79E3337ECB}.Release|x86.ActiveCfg = Release|Any CPU
		{DF5F2D7B-89F4-409A-B3E4-AD79E3337ECB}.Release|x86.Build.0 = Release|Any CPU
		{B9C2ACE1-E952-4C1B-9E53-D80A7857411B}.Debug|Any CPU.ActiveCfg = Debug|Any CPU
		{B9C2ACE1-E952-4C1B-9E53-D80A7857411B}.Debug|Any CPU.Build.0 = Debug|Any CPU
		{B9C2ACE1-E952-4C1B-9E53-D80A7857411B}.Debug|x64.ActiveCfg = Debug|Any CPU
		{B9C2ACE1-E952-4C1B-9E53-D80A7857411B}.Debug|x64.Build.0 = Debug|Any CPU
		{B9C2ACE1-E952-4C1B-9E53-D80A7857411B}.Debug|x86.ActiveCfg = Debug|Any CPU
		{B9C2ACE1-E952-4C1B-9E53-D80A7857411B}.Debug|x86.Build.0 = Debug|Any CPU
		{B9C2ACE1-E952-4C1B-9E53-D80A7857411B}.Release|Any CPU.ActiveCfg = Release|Any CPU
		{B9C2ACE1-E952-4C1B-9E53-D80A7857411B}.Release|Any CPU.Build.0 = Release|Any CPU
		{B9C2ACE1-E952-4C1B-9E53-D80A7857411B}.Release|x64.ActiveCfg = Release|Any CPU
		{B9C2ACE1-E952-4C1B-9E53-D80A7857411B}.Release|x64.Build.0 = Release|Any CPU
		{B9C2ACE1-E952-4C1B-9E53-D80A7857411B}.Release|x86.ActiveCfg = Release|Any CPU
		{B9C2ACE1-E952-4C1B-9E53-D80A7857411B}.Release|x86.Build.0 = Release|Any CPU
		{53AD8FEB-9357-46AE-ABF9-6580CB608767}.Debug|Any CPU.ActiveCfg = Debug|Any CPU
		{53AD8FEB-9357-46AE-ABF9-6580CB608767}.Debug|Any CPU.Build.0 = Debug|Any CPU
		{53AD8FEB-9357-46AE-ABF9-6580CB608767}.Debug|x64.ActiveCfg = Debug|Any CPU
		{53AD8FEB-9357-46AE-ABF9-6580CB608767}.Debug|x64.Build.0 = Debug|Any CPU
		{53AD8FEB-9357-46AE-ABF9-6580CB608767}.Debug|x86.ActiveCfg = Debug|Any CPU
		{53AD8FEB-9357-46AE-ABF9-6580CB608767}.Debug|x86.Build.0 = Debug|Any CPU
		{53AD8FEB-9357-46AE-ABF9-6580CB608767}.Release|Any CPU.ActiveCfg = Release|Any CPU
		{53AD8FEB-9357-46AE-ABF9-6580CB608767}.Release|Any CPU.Build.0 = Release|Any CPU
		{53AD8FEB-9357-46AE-ABF9-6580CB608767}.Release|x64.ActiveCfg = Release|Any CPU
		{53AD8FEB-9357-46AE-ABF9-6580CB608767}.Release|x64.Build.0 = Release|Any CPU
		{53AD8FEB-9357-46AE-ABF9-6580CB608767}.Release|x86.ActiveCfg = Release|Any CPU
		{53AD8FEB-9357-46AE-ABF9-6580CB608767}.Release|x86.Build.0 = Release|Any CPU
		{A6CB85D0-88D7-4CB5-A80A-2E51EE76891F}.Debug|Any CPU.ActiveCfg = Debug|Any CPU
		{A6CB85D0-88D7-4CB5-A80A-2E51EE76891F}.Debug|Any CPU.Build.0 = Debug|Any CPU
		{A6CB85D0-88D7-4CB5-A80A-2E51EE76891F}.Debug|x64.ActiveCfg = Debug|Any CPU
		{A6CB85D0-88D7-4CB5-A80A-2E51EE76891F}.Debug|x64.Build.0 = Debug|Any CPU
		{A6CB85D0-88D7-4CB5-A80A-2E51EE76891F}.Debug|x86.ActiveCfg = Debug|Any CPU
		{A6CB85D0-88D7-4CB5-A80A-2E51EE76891F}.Debug|x86.Build.0 = Debug|Any CPU
		{A6CB85D0-88D7-4CB5-A80A-2E51EE76891F}.Release|Any CPU.ActiveCfg = Release|Any CPU
		{A6CB85D0-88D7-4CB5-A80A-2E51EE76891F}.Release|Any CPU.Build.0 = Release|Any CPU
		{A6CB85D0-88D7-4CB5-A80A-2E51EE76891F}.Release|x64.ActiveCfg = Release|Any CPU
		{A6CB85D0-88D7-4CB5-A80A-2E51EE76891F}.Release|x64.Build.0 = Release|Any CPU
		{A6CB85D0-88D7-4CB5-A80A-2E51EE76891F}.Release|x86.ActiveCfg = Release|Any CPU
		{A6CB85D0-88D7-4CB5-A80A-2E51EE76891F}.Release|x86.Build.0 = Release|Any CPU
		{C5DA76E9-411E-4D06-9A5A-5702E7512B60}.Debug|Any CPU.ActiveCfg = Debug|Any CPU
		{C5DA76E9-411E-4D06-9A5A-5702E7512B60}.Debug|Any CPU.Build.0 = Debug|Any CPU
		{C5DA76E9-411E-4D06-9A5A-5702E7512B60}.Debug|x64.ActiveCfg = Debug|Any CPU
		{C5DA76E9-411E-4D06-9A5A-5702E7512B60}.Debug|x64.Build.0 = Debug|Any CPU
		{C5DA76E9-411E-4D06-9A5A-5702E7512B60}.Debug|x86.ActiveCfg = Debug|Any CPU
		{C5DA76E9-411E-4D06-9A5A-5702E7512B60}.Debug|x86.Build.0 = Debug|Any CPU
		{C5DA76E9-411E-4D06-9A5A-5702E7512B60}.Release|Any CPU.ActiveCfg = Release|Any CPU
		{C5DA76E9-411E-4D06-9A5A-5702E7512B60}.Release|Any CPU.Build.0 = Release|Any CPU
		{C5DA76E9-411E-4D06-9A5A-5702E7512B60}.Release|x64.ActiveCfg = Release|Any CPU
		{C5DA76E9-411E-4D06-9A5A-5702E7512B60}.Release|x64.Build.0 = Release|Any CPU
		{C5DA76E9-411E-4D06-9A5A-5702E7512B60}.Release|x86.ActiveCfg = Release|Any CPU
		{C5DA76E9-411E-4D06-9A5A-5702E7512B60}.Release|x86.Build.0 = Release|Any CPU
	EndGlobalSection
	GlobalSection(SolutionProperties) = preSolution
		HideSolutionNode = FALSE
	EndGlobalSection
	GlobalSection(NestedProjects) = preSolution
		{75AEC697-125E-42EA-BFD4-7504A1DD2996} = {7A2DC6DD-42D2-4C78-9EDC-39327A5B8082}
		{76C2DEA4-D72F-4931-9ACA-B2DDC33BDE98} = {7A2DC6DD-42D2-4C78-9EDC-39327A5B8082}
		{8784649C-9865-451D-8080-69426E349894} = {75AEC697-125E-42EA-BFD4-7504A1DD2996}
		{AB573AA0-6761-4FFB-82EA-3671F49805F1} = {76C2DEA4-D72F-4931-9ACA-B2DDC33BDE98}
		{EAD4D3A6-9AE0-4060-9C24-E9902A620BC7} = {06E407D7-A4A3-4870-92B6-D7F8352A7164}
		{5805A6B4-6FFC-4BC0-9B44-91ADD71B6426} = {06E407D7-A4A3-4870-92B6-D7F8352A7164}
		{040C2704-72B4-437C-B130-5C08F1492678} = {75B3050D-CFA1-4C39-918B-9EBA28D5639D}
		{75B3050D-CFA1-4C39-918B-9EBA28D5639D} = {7A2DC6DD-42D2-4C78-9EDC-39327A5B8082}
		{DF5F2D7B-89F4-409A-B3E4-AD79E3337ECB} = {75AEC697-125E-42EA-BFD4-7504A1DD2996}
		{53AD8FEB-9357-46AE-ABF9-6580CB608767} = {75B3050D-CFA1-4C39-918B-9EBA28D5639D}
		{8FD08CFB-4C51-4C0B-8594-971118BF99E9} = {7A2DC6DD-42D2-4C78-9EDC-39327A5B8082}
		{A6CB85D0-88D7-4CB5-A80A-2E51EE76891F} = {8FD08CFB-4C51-4C0B-8594-971118BF99E9}
		{C5DA76E9-411E-4D06-9A5A-5702E7512B60} = {76C2DEA4-D72F-4931-9ACA-B2DDC33BDE98}
	EndGlobalSection
	GlobalSection(ExtensibilityGlobals) = postSolution
		SolutionGuid = {EA2EFEF5-9B3B-46F2-BE4B-077ED6CADA79}
	EndGlobalSection
EndGlobal
