
Microsoft Visual Studio Solution File, Format Version 12.00
# Visual Studio Version 16
VisualStudioVersion = 16.0.30804.86
MinimumVisualStudioVersion = 10.0.40219.1
Project("{2150E333-8FDC-42A3-9474-1A3956D46DE8}") = "Clients", "Clients", "{06E407D7-A4A3-4870-92B6-D7F8352A7164}"
EndProject
Project("{2150E333-8FDC-42A3-9474-1A3956D46DE8}") = "Agents", "Agents", "{7A2DC6DD-42D2-4C78-9EDC-39327A5B8082}"
EndProject
Project("{2150E333-8FDC-42A3-9474-1A3956D46DE8}") = "Output", "Output", "{75AEC697-125E-42EA-BFD4-7504A1DD2996}"
EndProject
Project("{2150E333-8FDC-42A3-9474-1A3956D46DE8}") = "Players", "Players", "{76C2DEA4-D72F-4931-9ACA-B2DDC33BDE98}"
EndProject
Project("{9A19103F-16F7-4668-BE54-9A1E7A4F7556}") = "NostalgicPlayerKit", "NostalgicPlayerKit\NostalgicPlayerKit.csproj", "{A75C7796-6E7D-4ABE-A3E3-643D222862FE}"
EndProject
Project("{9A19103F-16F7-4668-BE54-9A1E7A4F7556}") = "NostalgicPlayerLibrary", "NostalgicPlayerLibrary\NostalgicPlayerLibrary.csproj", "{39A8EA8E-EB91-438A-BAEF-872C477E7DB5}"
EndProject
Project("{9A19103F-16F7-4668-BE54-9A1E7A4F7556}") = "CoreAudio", "Agents\Output\CoreAudio\CoreAudio.csproj", "{8784649C-9865-451D-8080-69426E349894}"
EndProject
Project("{9A19103F-16F7-4668-BE54-9A1E7A4F7556}") = "JamCracker", "Agents\Players\JamCracker\JamCracker.csproj", "{AB573AA0-6761-4FFB-82EA-3671F49805F1}"
EndProject
Project("{9A19103F-16F7-4668-BE54-9A1E7A4F7556}") = "NostalgicPlayerConsole", "Clients\NostalgicPlayerConsole\NostalgicPlayerConsole.csproj", "{EAD4D3A6-9AE0-4060-9C24-E9902A620BC7}"
EndProject
Project("{9A19103F-16F7-4668-BE54-9A1E7A4F7556}") = "NostalgicPlayer", "Clients\NostalgicPlayer\NostalgicPlayer.csproj", "{5805A6B4-6FFC-4BC0-9B44-91ADD71B6426}"
EndProject
Project("{9A19103F-16F7-4668-BE54-9A1E7A4F7556}") = "Raw", "Agents\SampleConverters\Raw\Raw.csproj", "{040C2704-72B4-437C-B130-5C08F1492678}"
EndProject
Project("{2150E333-8FDC-42A3-9474-1A3956D46DE8}") = "SampleConverters", "SampleConverters", "{75B3050D-CFA1-4C39-918B-9EBA28D5639D}"
EndProject
Project("{9A19103F-16F7-4668-BE54-9A1E7A4F7556}") = "DiskSaver", "Agents\Output\DiskSaver\DiskSaver.csproj", "{DF5F2D7B-89F4-409A-B3E4-AD79E3337ECB}"
EndProject
Project("{9A19103F-16F7-4668-BE54-9A1E7A4F7556}") = "NostalgicPlayerGuiKit", "NostalgicPlayerGuiKit\NostalgicPlayerGuiKit.csproj", "{B9C2ACE1-E952-4C1B-9E53-D80A7857411B}"
EndProject
Project("{9A19103F-16F7-4668-BE54-9A1E7A4F7556}") = "RiffWave", "Agents\SampleConverters\RiffWave\RiffWave.csproj", "{53AD8FEB-9357-46AE-ABF9-6580CB608767}"
EndProject
Project("{2150E333-8FDC-42A3-9474-1A3956D46DE8}") = "Visuals", "Visuals", "{8FD08CFB-4C51-4C0B-8594-971118BF99E9}"
EndProject
Project("{9A19103F-16F7-4668-BE54-9A1E7A4F7556}") = "SpinningSquares", "Agents\Visuals\SpinningSquares\SpinningSquares.csproj", "{A6CB85D0-88D7-4CB5-A80A-2E51EE76891F}"
EndProject
Project("{9A19103F-16F7-4668-BE54-9A1E7A4F7556}") = "ModTracker", "Agents\Players\ModTracker\ModTracker.csproj", "{C5DA76E9-411E-4D06-9A5A-5702E7512B60}"
EndProject
Project("{C7167F0D-BC9F-4E6E-AFE1-012C56B48DB5}") = "NostalgicPlayerPackage", "NostalgicPlayerPackage\NostalgicPlayerPackage.wapproj", "{5D16772E-5A1E-4204-99D1-D52FB28ECF3C}"
EndProject
Project("{9A19103F-16F7-4668-BE54-9A1E7A4F7556}") = "CoreAudioSettings", "Agents\Output\CoreAudioSettings\CoreAudioSettings.csproj", "{3124674B-8470-4075-AA2C-D9F768709A6B}"
EndProject
Project("{9A19103F-16F7-4668-BE54-9A1E7A4F7556}") = "Sample", "Agents\Players\Sample\Sample.csproj", "{19273B3A-2C8E-4A98-83A2-6B5C0B387058}"
EndProject
Project("{9A19103F-16F7-4668-BE54-9A1E7A4F7556}") = "Iff8Svx", "Agents\SampleConverters\Iff8Svx\Iff8Svx.csproj", "{C355FFA2-D2F5-4DFD-AF8F-5592A5455AD6}"
EndProject
Project("{9A19103F-16F7-4668-BE54-9A1E7A4F7556}") = "Iff16Sv", "Agents\SampleConverters\Iff16Sv\Iff16Sv.csproj", "{B9E270CE-4E0A-4F41-82E3-657489B14A8D}"
EndProject
Project("{9A19103F-16F7-4668-BE54-9A1E7A4F7556}") = "AudioIff", "Agents\SampleConverters\AudioIff\AudioIff.csproj", "{141CAD48-4B36-40B3-A634-A8727B332EC1}"
EndProject
Project("{9A19103F-16F7-4668-BE54-9A1E7A4F7556}") = "FutureComposer", "Agents\Players\FutureComposer\FutureComposer.csproj", "{42CDCB7E-7FC4-4EF1-A069-072D492B1758}"
EndProject
Project("{2150E333-8FDC-42A3-9474-1A3956D46DE8}") = "ModuleConverters", "ModuleConverters", "{13CCC2C2-8C77-45DF-8A9B-249434467C53}"
EndProject
Project("{9A19103F-16F7-4668-BE54-9A1E7A4F7556}") = "ModuleConverter", "Agents\ModuleConverters\ModuleConverter\ModuleConverter.csproj", "{C920EBC3-CF0B-4D6F-A21A-B6CC92034296}"
EndProject
Project("{9A19103F-16F7-4668-BE54-9A1E7A4F7556}") = "MikMod", "Agents\Players\MikMod\MikMod.csproj", "{FF12043C-4540-4CCA-9D78-07BDFD669402}"
EndProject
Project("{2150E333-8FDC-42A3-9474-1A3956D46DE8}") = "Shared", "Shared", "{B4FBB367-2703-4848-B5B1-7F93AE6C9A07}"
EndProject
Project("{9A19103F-16F7-4668-BE54-9A1E7A4F7556}") = "MikModShared", "Agents\Shared\MikModShared\MikModShared.csproj", "{D66E4C90-F37B-4860-9083-65042BA94E8B}"
EndProject
Project("{9A19103F-16F7-4668-BE54-9A1E7A4F7556}") = "MikModConverter", "Agents\ModuleConverters\MikModConverter\MikModConverter.csproj", "{A6548A2F-EBD1-4E02-8778-D5009442551A}"
EndProject
Project("{9A19103F-16F7-4668-BE54-9A1E7A4F7556}") = "Oscilloscope", "Agents\Visuals\Oscilloscope\Oscilloscope.csproj", "{8EC0C70B-47ED-439A-B3AA-FBE5D14222FD}"
EndProject
Project("{9A19103F-16F7-4668-BE54-9A1E7A4F7556}") = "Sawteeth", "Agents\Players\Sawteeth\Sawteeth.csproj", "{84187EBF-4E88-48E8-8266-E8151C842F31}"
EndProject
Project("{2150E333-8FDC-42A3-9474-1A3956D46DE8}") = "Decrunchers", "Decrunchers", "{CC59276C-8589-4D60-8A0D-93D854EDBCE5}"
EndProject
Project("{9A19103F-16F7-4668-BE54-9A1E7A4F7556}") = "Oktalyzer", "Agents\Players\Oktalyzer\Oktalyzer.csproj", "{0732CEC8-9EEE-4CDA-9496-A13FB98EFE4C}"
EndProject
Project("{9A19103F-16F7-4668-BE54-9A1E7A4F7556}") = "SharpCompressDecruncher", "Agents\Decrunchers\SharpCompressDecruncher\SharpCompressDecruncher.csproj", "{DC1E7751-B3A6-4C82-B1F7-9617E8F719ED}"
EndProject
Project("{9A19103F-16F7-4668-BE54-9A1E7A4F7556}") = "Tfmx", "Agents\Players\Tfmx\Tfmx.csproj", "{1CF4612C-7623-454D-B559-6433687123E2}"
EndProject
Project("{9A19103F-16F7-4668-BE54-9A1E7A4F7556}") = "AncientDecruncher", "Agents\Decrunchers\AncientDecruncher\AncientDecruncher.csproj", "{456D137F-C1A6-4464-A521-0FB8FF303C61}"
EndProject
Project("{9A19103F-16F7-4668-BE54-9A1E7A4F7556}") = "SoundMon", "Agents\Players\SoundMon\SoundMon.csproj", "{2951DBDB-5E01-4CE2-8BC9-8B4EA3E204FE}"
EndProject
Project("{9A19103F-16F7-4668-BE54-9A1E7A4F7556}") = "SpectrumAnalyzer", "Agents\Visuals\SpectrumAnalyzer\SpectrumAnalyzer.csproj", "{21102705-7C63-4D85-9C31-982F2E612EEA}"
EndProject
Global
	GlobalSection(SolutionConfigurationPlatforms) = preSolution
		Debug|Any CPU = Debug|Any CPU
		Debug|x64 = Debug|x64
		Debug|x86 = Debug|x86
		Release|Any CPU = Release|Any CPU
		Release|x64 = Release|x64
		Release|x86 = Release|x86
	EndGlobalSection
	GlobalSection(ProjectConfigurationPlatforms) = postSolution
		{A75C7796-6E7D-4ABE-A3E3-643D222862FE}.Debug|Any CPU.ActiveCfg = Debug|Any CPU
		{A75C7796-6E7D-4ABE-A3E3-643D222862FE}.Debug|x64.ActiveCfg = Debug|Any CPU
		{A75C7796-6E7D-4ABE-A3E3-643D222862FE}.Debug|x64.Build.0 = Debug|Any CPU
		{A75C7796-6E7D-4ABE-A3E3-643D222862FE}.Debug|x86.ActiveCfg = Debug|Any CPU
		{A75C7796-6E7D-4ABE-A3E3-643D222862FE}.Debug|x86.Build.0 = Debug|Any CPU
		{A75C7796-6E7D-4ABE-A3E3-643D222862FE}.Release|Any CPU.ActiveCfg = Release|Any CPU
		{A75C7796-6E7D-4ABE-A3E3-643D222862FE}.Release|x64.ActiveCfg = Release|Any CPU
		{A75C7796-6E7D-4ABE-A3E3-643D222862FE}.Release|x64.Build.0 = Release|Any CPU
		{A75C7796-6E7D-4ABE-A3E3-643D222862FE}.Release|x86.ActiveCfg = Release|Any CPU
		{A75C7796-6E7D-4ABE-A3E3-643D222862FE}.Release|x86.Build.0 = Release|Any CPU
		{39A8EA8E-EB91-438A-BAEF-872C477E7DB5}.Debug|Any CPU.ActiveCfg = Debug|Any CPU
		{39A8EA8E-EB91-438A-BAEF-872C477E7DB5}.Debug|x64.ActiveCfg = Debug|Any CPU
		{39A8EA8E-EB91-438A-BAEF-872C477E7DB5}.Debug|x64.Build.0 = Debug|Any CPU
		{39A8EA8E-EB91-438A-BAEF-872C477E7DB5}.Debug|x86.ActiveCfg = Debug|Any CPU
		{39A8EA8E-EB91-438A-BAEF-872C477E7DB5}.Debug|x86.Build.0 = Debug|Any CPU
		{39A8EA8E-EB91-438A-BAEF-872C477E7DB5}.Release|Any CPU.ActiveCfg = Release|Any CPU
		{39A8EA8E-EB91-438A-BAEF-872C477E7DB5}.Release|x64.ActiveCfg = Release|Any CPU
		{39A8EA8E-EB91-438A-BAEF-872C477E7DB5}.Release|x64.Build.0 = Release|Any CPU
		{39A8EA8E-EB91-438A-BAEF-872C477E7DB5}.Release|x86.ActiveCfg = Release|Any CPU
		{39A8EA8E-EB91-438A-BAEF-872C477E7DB5}.Release|x86.Build.0 = Release|Any CPU
		{8784649C-9865-451D-8080-69426E349894}.Debug|Any CPU.ActiveCfg = Debug|Any CPU
		{8784649C-9865-451D-8080-69426E349894}.Debug|x64.ActiveCfg = Debug|Any CPU
		{8784649C-9865-451D-8080-69426E349894}.Debug|x64.Build.0 = Debug|Any CPU
		{8784649C-9865-451D-8080-69426E349894}.Debug|x86.ActiveCfg = Debug|Any CPU
		{8784649C-9865-451D-8080-69426E349894}.Debug|x86.Build.0 = Debug|Any CPU
		{8784649C-9865-451D-8080-69426E349894}.Release|Any CPU.ActiveCfg = Release|Any CPU
		{8784649C-9865-451D-8080-69426E349894}.Release|x64.ActiveCfg = Release|Any CPU
		{8784649C-9865-451D-8080-69426E349894}.Release|x64.Build.0 = Release|Any CPU
		{8784649C-9865-451D-8080-69426E349894}.Release|x86.ActiveCfg = Release|Any CPU
		{8784649C-9865-451D-8080-69426E349894}.Release|x86.Build.0 = Release|Any CPU
		{AB573AA0-6761-4FFB-82EA-3671F49805F1}.Debug|Any CPU.ActiveCfg = Debug|Any CPU
		{AB573AA0-6761-4FFB-82EA-3671F49805F1}.Debug|x64.ActiveCfg = Debug|Any CPU
		{AB573AA0-6761-4FFB-82EA-3671F49805F1}.Debug|x64.Build.0 = Debug|Any CPU
		{AB573AA0-6761-4FFB-82EA-3671F49805F1}.Debug|x86.ActiveCfg = Debug|Any CPU
		{AB573AA0-6761-4FFB-82EA-3671F49805F1}.Debug|x86.Build.0 = Debug|Any CPU
		{AB573AA0-6761-4FFB-82EA-3671F49805F1}.Release|Any CPU.ActiveCfg = Release|Any CPU
		{AB573AA0-6761-4FFB-82EA-3671F49805F1}.Release|x64.ActiveCfg = Release|Any CPU
		{AB573AA0-6761-4FFB-82EA-3671F49805F1}.Release|x64.Build.0 = Release|Any CPU
		{AB573AA0-6761-4FFB-82EA-3671F49805F1}.Release|x86.ActiveCfg = Release|Any CPU
		{AB573AA0-6761-4FFB-82EA-3671F49805F1}.Release|x86.Build.0 = Release|Any CPU
		{EAD4D3A6-9AE0-4060-9C24-E9902A620BC7}.Debug|Any CPU.ActiveCfg = Debug|x64
		{EAD4D3A6-9AE0-4060-9C24-E9902A620BC7}.Debug|x64.ActiveCfg = Debug|x64
		{EAD4D3A6-9AE0-4060-9C24-E9902A620BC7}.Debug|x64.Build.0 = Debug|x64
		{EAD4D3A6-9AE0-4060-9C24-E9902A620BC7}.Debug|x86.ActiveCfg = Debug|x64
		{EAD4D3A6-9AE0-4060-9C24-E9902A620BC7}.Release|Any CPU.ActiveCfg = Release|x64
		{EAD4D3A6-9AE0-4060-9C24-E9902A620BC7}.Release|x64.ActiveCfg = Release|x64
		{EAD4D3A6-9AE0-4060-9C24-E9902A620BC7}.Release|x86.ActiveCfg = Release|x64
		{5805A6B4-6FFC-4BC0-9B44-91ADD71B6426}.Debug|Any CPU.ActiveCfg = Debug|x86
		{5805A6B4-6FFC-4BC0-9B44-91ADD71B6426}.Debug|x64.ActiveCfg = Debug|x64
		{5805A6B4-6FFC-4BC0-9B44-91ADD71B6426}.Debug|x64.Build.0 = Debug|x64
		{5805A6B4-6FFC-4BC0-9B44-91ADD71B6426}.Debug|x86.ActiveCfg = Debug|x86
		{5805A6B4-6FFC-4BC0-9B44-91ADD71B6426}.Debug|x86.Build.0 = Debug|x86
		{5805A6B4-6FFC-4BC0-9B44-91ADD71B6426}.Release|Any CPU.ActiveCfg = Release|x86
		{5805A6B4-6FFC-4BC0-9B44-91ADD71B6426}.Release|x64.ActiveCfg = Release|x64
		{5805A6B4-6FFC-4BC0-9B44-91ADD71B6426}.Release|x64.Build.0 = Release|x64
		{5805A6B4-6FFC-4BC0-9B44-91ADD71B6426}.Release|x86.ActiveCfg = Release|x86
		{5805A6B4-6FFC-4BC0-9B44-91ADD71B6426}.Release|x86.Build.0 = Release|x86
		{040C2704-72B4-437C-B130-5C08F1492678}.Debug|Any CPU.ActiveCfg = Debug|Any CPU
		{040C2704-72B4-437C-B130-5C08F1492678}.Debug|x64.ActiveCfg = Debug|Any CPU
		{040C2704-72B4-437C-B130-5C08F1492678}.Debug|x64.Build.0 = Debug|Any CPU
		{040C2704-72B4-437C-B130-5C08F1492678}.Debug|x86.ActiveCfg = Debug|Any CPU
		{040C2704-72B4-437C-B130-5C08F1492678}.Debug|x86.Build.0 = Debug|Any CPU
		{040C2704-72B4-437C-B130-5C08F1492678}.Release|Any CPU.ActiveCfg = Release|Any CPU
		{040C2704-72B4-437C-B130-5C08F1492678}.Release|x64.ActiveCfg = Release|Any CPU
		{040C2704-72B4-437C-B130-5C08F1492678}.Release|x64.Build.0 = Release|Any CPU
		{040C2704-72B4-437C-B130-5C08F1492678}.Release|x86.ActiveCfg = Release|Any CPU
		{040C2704-72B4-437C-B130-5C08F1492678}.Release|x86.Build.0 = Release|Any CPU
		{DF5F2D7B-89F4-409A-B3E4-AD79E3337ECB}.Debug|Any CPU.ActiveCfg = Debug|Any CPU
		{DF5F2D7B-89F4-409A-B3E4-AD79E3337ECB}.Debug|x64.ActiveCfg = Debug|Any CPU
		{DF5F2D7B-89F4-409A-B3E4-AD79E3337ECB}.Debug|x64.Build.0 = Debug|Any CPU
		{DF5F2D7B-89F4-409A-B3E4-AD79E3337ECB}.Debug|x86.ActiveCfg = Debug|Any CPU
		{DF5F2D7B-89F4-409A-B3E4-AD79E3337ECB}.Debug|x86.Build.0 = Debug|Any CPU
		{DF5F2D7B-89F4-409A-B3E4-AD79E3337ECB}.Release|Any CPU.ActiveCfg = Release|Any CPU
		{DF5F2D7B-89F4-409A-B3E4-AD79E3337ECB}.Release|x64.ActiveCfg = Release|Any CPU
		{DF5F2D7B-89F4-409A-B3E4-AD79E3337ECB}.Release|x64.Build.0 = Release|Any CPU
		{DF5F2D7B-89F4-409A-B3E4-AD79E3337ECB}.Release|x86.ActiveCfg = Release|Any CPU
		{DF5F2D7B-89F4-409A-B3E4-AD79E3337ECB}.Release|x86.Build.0 = Release|Any CPU
		{B9C2ACE1-E952-4C1B-9E53-D80A7857411B}.Debug|Any CPU.ActiveCfg = Debug|Any CPU
		{B9C2ACE1-E952-4C1B-9E53-D80A7857411B}.Debug|x64.ActiveCfg = Debug|Any CPU
		{B9C2ACE1-E952-4C1B-9E53-D80A7857411B}.Debug|x64.Build.0 = Debug|Any CPU
		{B9C2ACE1-E952-4C1B-9E53-D80A7857411B}.Debug|x86.ActiveCfg = Debug|Any CPU
		{B9C2ACE1-E952-4C1B-9E53-D80A7857411B}.Debug|x86.Build.0 = Debug|Any CPU
		{B9C2ACE1-E952-4C1B-9E53-D80A7857411B}.Release|Any CPU.ActiveCfg = Release|Any CPU
		{B9C2ACE1-E952-4C1B-9E53-D80A7857411B}.Release|x64.ActiveCfg = Release|Any CPU
		{B9C2ACE1-E952-4C1B-9E53-D80A7857411B}.Release|x64.Build.0 = Release|Any CPU
		{B9C2ACE1-E952-4C1B-9E53-D80A7857411B}.Release|x86.ActiveCfg = Release|Any CPU
		{B9C2ACE1-E952-4C1B-9E53-D80A7857411B}.Release|x86.Build.0 = Release|Any CPU
		{53AD8FEB-9357-46AE-ABF9-6580CB608767}.Debug|Any CPU.ActiveCfg = Debug|Any CPU
		{53AD8FEB-9357-46AE-ABF9-6580CB608767}.Debug|x64.ActiveCfg = Debug|Any CPU
		{53AD8FEB-9357-46AE-ABF9-6580CB608767}.Debug|x64.Build.0 = Debug|Any CPU
		{53AD8FEB-9357-46AE-ABF9-6580CB608767}.Debug|x86.ActiveCfg = Debug|Any CPU
		{53AD8FEB-9357-46AE-ABF9-6580CB608767}.Debug|x86.Build.0 = Debug|Any CPU
		{53AD8FEB-9357-46AE-ABF9-6580CB608767}.Release|Any CPU.ActiveCfg = Release|Any CPU
		{53AD8FEB-9357-46AE-ABF9-6580CB608767}.Release|x64.ActiveCfg = Release|Any CPU
		{53AD8FEB-9357-46AE-ABF9-6580CB608767}.Release|x64.Build.0 = Release|Any CPU
		{53AD8FEB-9357-46AE-ABF9-6580CB608767}.Release|x86.ActiveCfg = Release|Any CPU
		{53AD8FEB-9357-46AE-ABF9-6580CB608767}.Release|x86.Build.0 = Release|Any CPU
		{A6CB85D0-88D7-4CB5-A80A-2E51EE76891F}.Debug|Any CPU.ActiveCfg = Debug|Any CPU
		{A6CB85D0-88D7-4CB5-A80A-2E51EE76891F}.Debug|x64.ActiveCfg = Debug|Any CPU
		{A6CB85D0-88D7-4CB5-A80A-2E51EE76891F}.Debug|x64.Build.0 = Debug|Any CPU
		{A6CB85D0-88D7-4CB5-A80A-2E51EE76891F}.Debug|x86.ActiveCfg = Debug|Any CPU
		{A6CB85D0-88D7-4CB5-A80A-2E51EE76891F}.Debug|x86.Build.0 = Debug|Any CPU
		{A6CB85D0-88D7-4CB5-A80A-2E51EE76891F}.Release|Any CPU.ActiveCfg = Release|Any CPU
		{A6CB85D0-88D7-4CB5-A80A-2E51EE76891F}.Release|x64.ActiveCfg = Release|Any CPU
		{A6CB85D0-88D7-4CB5-A80A-2E51EE76891F}.Release|x64.Build.0 = Release|Any CPU
		{A6CB85D0-88D7-4CB5-A80A-2E51EE76891F}.Release|x86.ActiveCfg = Release|Any CPU
		{A6CB85D0-88D7-4CB5-A80A-2E51EE76891F}.Release|x86.Build.0 = Release|Any CPU
		{C5DA76E9-411E-4D06-9A5A-5702E7512B60}.Debug|Any CPU.ActiveCfg = Debug|Any CPU
		{C5DA76E9-411E-4D06-9A5A-5702E7512B60}.Debug|x64.ActiveCfg = Debug|Any CPU
		{C5DA76E9-411E-4D06-9A5A-5702E7512B60}.Debug|x64.Build.0 = Debug|Any CPU
		{C5DA76E9-411E-4D06-9A5A-5702E7512B60}.Debug|x86.ActiveCfg = Debug|Any CPU
		{C5DA76E9-411E-4D06-9A5A-5702E7512B60}.Debug|x86.Build.0 = Debug|Any CPU
		{C5DA76E9-411E-4D06-9A5A-5702E7512B60}.Release|Any CPU.ActiveCfg = Release|Any CPU
		{C5DA76E9-411E-4D06-9A5A-5702E7512B60}.Release|x64.ActiveCfg = Release|Any CPU
		{C5DA76E9-411E-4D06-9A5A-5702E7512B60}.Release|x64.Build.0 = Release|Any CPU
		{C5DA76E9-411E-4D06-9A5A-5702E7512B60}.Release|x86.ActiveCfg = Release|Any CPU
		{C5DA76E9-411E-4D06-9A5A-5702E7512B60}.Release|x86.Build.0 = Release|Any CPU
		{5D16772E-5A1E-4204-99D1-D52FB28ECF3C}.Debug|Any CPU.ActiveCfg = Debug|x86
		{5D16772E-5A1E-4204-99D1-D52FB28ECF3C}.Debug|x64.ActiveCfg = Debug|x64
		{5D16772E-5A1E-4204-99D1-D52FB28ECF3C}.Debug|x64.Build.0 = Debug|x64
		{5D16772E-5A1E-4204-99D1-D52FB28ECF3C}.Debug|x64.Deploy.0 = Debug|x64
		{5D16772E-5A1E-4204-99D1-D52FB28ECF3C}.Debug|x86.ActiveCfg = Debug|x86
		{5D16772E-5A1E-4204-99D1-D52FB28ECF3C}.Debug|x86.Build.0 = Debug|x86
		{5D16772E-5A1E-4204-99D1-D52FB28ECF3C}.Debug|x86.Deploy.0 = Debug|x86
		{5D16772E-5A1E-4204-99D1-D52FB28ECF3C}.Release|Any CPU.ActiveCfg = Release|x86
		{5D16772E-5A1E-4204-99D1-D52FB28ECF3C}.Release|x64.ActiveCfg = Release|x64
		{5D16772E-5A1E-4204-99D1-D52FB28ECF3C}.Release|x64.Build.0 = Release|x64
		{5D16772E-5A1E-4204-99D1-D52FB28ECF3C}.Release|x64.Deploy.0 = Release|x64
		{5D16772E-5A1E-4204-99D1-D52FB28ECF3C}.Release|x86.ActiveCfg = Release|x86
		{5D16772E-5A1E-4204-99D1-D52FB28ECF3C}.Release|x86.Build.0 = Release|x86
		{5D16772E-5A1E-4204-99D1-D52FB28ECF3C}.Release|x86.Deploy.0 = Release|x86
		{3124674B-8470-4075-AA2C-D9F768709A6B}.Debug|Any CPU.ActiveCfg = Debug|Any CPU
		{3124674B-8470-4075-AA2C-D9F768709A6B}.Debug|x64.ActiveCfg = Debug|Any CPU
		{3124674B-8470-4075-AA2C-D9F768709A6B}.Debug|x64.Build.0 = Debug|Any CPU
		{3124674B-8470-4075-AA2C-D9F768709A6B}.Debug|x86.ActiveCfg = Debug|Any CPU
		{3124674B-8470-4075-AA2C-D9F768709A6B}.Debug|x86.Build.0 = Debug|Any CPU
		{3124674B-8470-4075-AA2C-D9F768709A6B}.Release|Any CPU.ActiveCfg = Release|Any CPU
		{3124674B-8470-4075-AA2C-D9F768709A6B}.Release|x64.ActiveCfg = Release|Any CPU
		{3124674B-8470-4075-AA2C-D9F768709A6B}.Release|x64.Build.0 = Release|Any CPU
		{3124674B-8470-4075-AA2C-D9F768709A6B}.Release|x86.ActiveCfg = Release|Any CPU
		{3124674B-8470-4075-AA2C-D9F768709A6B}.Release|x86.Build.0 = Release|Any CPU
		{19273B3A-2C8E-4A98-83A2-6B5C0B387058}.Debug|Any CPU.ActiveCfg = Debug|Any CPU
		{19273B3A-2C8E-4A98-83A2-6B5C0B387058}.Debug|x64.ActiveCfg = Debug|Any CPU
		{19273B3A-2C8E-4A98-83A2-6B5C0B387058}.Debug|x64.Build.0 = Debug|Any CPU
		{19273B3A-2C8E-4A98-83A2-6B5C0B387058}.Debug|x86.ActiveCfg = Debug|Any CPU
		{19273B3A-2C8E-4A98-83A2-6B5C0B387058}.Debug|x86.Build.0 = Debug|Any CPU
		{19273B3A-2C8E-4A98-83A2-6B5C0B387058}.Release|Any CPU.ActiveCfg = Release|Any CPU
		{19273B3A-2C8E-4A98-83A2-6B5C0B387058}.Release|x64.ActiveCfg = Release|Any CPU
		{19273B3A-2C8E-4A98-83A2-6B5C0B387058}.Release|x64.Build.0 = Release|Any CPU
		{19273B3A-2C8E-4A98-83A2-6B5C0B387058}.Release|x86.ActiveCfg = Release|Any CPU
		{19273B3A-2C8E-4A98-83A2-6B5C0B387058}.Release|x86.Build.0 = Release|Any CPU
		{C355FFA2-D2F5-4DFD-AF8F-5592A5455AD6}.Debug|Any CPU.ActiveCfg = Debug|Any CPU
		{C355FFA2-D2F5-4DFD-AF8F-5592A5455AD6}.Debug|x64.ActiveCfg = Debug|Any CPU
		{C355FFA2-D2F5-4DFD-AF8F-5592A5455AD6}.Debug|x64.Build.0 = Debug|Any CPU
		{C355FFA2-D2F5-4DFD-AF8F-5592A5455AD6}.Debug|x86.ActiveCfg = Debug|Any CPU
		{C355FFA2-D2F5-4DFD-AF8F-5592A5455AD6}.Debug|x86.Build.0 = Debug|Any CPU
		{C355FFA2-D2F5-4DFD-AF8F-5592A5455AD6}.Release|Any CPU.ActiveCfg = Release|Any CPU
		{C355FFA2-D2F5-4DFD-AF8F-5592A5455AD6}.Release|x64.ActiveCfg = Release|Any CPU
		{C355FFA2-D2F5-4DFD-AF8F-5592A5455AD6}.Release|x64.Build.0 = Release|Any CPU
		{C355FFA2-D2F5-4DFD-AF8F-5592A5455AD6}.Release|x86.ActiveCfg = Release|Any CPU
		{C355FFA2-D2F5-4DFD-AF8F-5592A5455AD6}.Release|x86.Build.0 = Release|Any CPU
		{B9E270CE-4E0A-4F41-82E3-657489B14A8D}.Debug|Any CPU.ActiveCfg = Debug|Any CPU
		{B9E270CE-4E0A-4F41-82E3-657489B14A8D}.Debug|x64.ActiveCfg = Debug|Any CPU
		{B9E270CE-4E0A-4F41-82E3-657489B14A8D}.Debug|x64.Build.0 = Debug|Any CPU
		{B9E270CE-4E0A-4F41-82E3-657489B14A8D}.Debug|x86.ActiveCfg = Debug|Any CPU
		{B9E270CE-4E0A-4F41-82E3-657489B14A8D}.Debug|x86.Build.0 = Debug|Any CPU
		{B9E270CE-4E0A-4F41-82E3-657489B14A8D}.Release|Any CPU.ActiveCfg = Release|Any CPU
		{B9E270CE-4E0A-4F41-82E3-657489B14A8D}.Release|x64.ActiveCfg = Release|Any CPU
		{B9E270CE-4E0A-4F41-82E3-657489B14A8D}.Release|x64.Build.0 = Release|Any CPU
		{B9E270CE-4E0A-4F41-82E3-657489B14A8D}.Release|x86.ActiveCfg = Release|Any CPU
		{B9E270CE-4E0A-4F41-82E3-657489B14A8D}.Release|x86.Build.0 = Release|Any CPU
		{141CAD48-4B36-40B3-A634-A8727B332EC1}.Debug|Any CPU.ActiveCfg = Debug|Any CPU
		{141CAD48-4B36-40B3-A634-A8727B332EC1}.Debug|x64.ActiveCfg = Debug|Any CPU
		{141CAD48-4B36-40B3-A634-A8727B332EC1}.Debug|x64.Build.0 = Debug|Any CPU
		{141CAD48-4B36-40B3-A634-A8727B332EC1}.Debug|x86.ActiveCfg = Debug|Any CPU
		{141CAD48-4B36-40B3-A634-A8727B332EC1}.Debug|x86.Build.0 = Debug|Any CPU
		{141CAD48-4B36-40B3-A634-A8727B332EC1}.Release|Any CPU.ActiveCfg = Release|Any CPU
		{141CAD48-4B36-40B3-A634-A8727B332EC1}.Release|x64.ActiveCfg = Release|Any CPU
		{141CAD48-4B36-40B3-A634-A8727B332EC1}.Release|x64.Build.0 = Release|Any CPU
		{141CAD48-4B36-40B3-A634-A8727B332EC1}.Release|x86.ActiveCfg = Release|Any CPU
		{141CAD48-4B36-40B3-A634-A8727B332EC1}.Release|x86.Build.0 = Release|Any CPU
		{42CDCB7E-7FC4-4EF1-A069-072D492B1758}.Debug|Any CPU.ActiveCfg = Debug|Any CPU
		{42CDCB7E-7FC4-4EF1-A069-072D492B1758}.Debug|x64.ActiveCfg = Debug|Any CPU
		{42CDCB7E-7FC4-4EF1-A069-072D492B1758}.Debug|x64.Build.0 = Debug|Any CPU
		{42CDCB7E-7FC4-4EF1-A069-072D492B1758}.Debug|x86.ActiveCfg = Debug|Any CPU
		{42CDCB7E-7FC4-4EF1-A069-072D492B1758}.Debug|x86.Build.0 = Debug|Any CPU
		{42CDCB7E-7FC4-4EF1-A069-072D492B1758}.Release|Any CPU.ActiveCfg = Release|Any CPU
		{42CDCB7E-7FC4-4EF1-A069-072D492B1758}.Release|x64.ActiveCfg = Release|Any CPU
		{42CDCB7E-7FC4-4EF1-A069-072D492B1758}.Release|x64.Build.0 = Release|Any CPU
		{42CDCB7E-7FC4-4EF1-A069-072D492B1758}.Release|x86.ActiveCfg = Release|Any CPU
		{42CDCB7E-7FC4-4EF1-A069-072D492B1758}.Release|x86.Build.0 = Release|Any CPU
		{C920EBC3-CF0B-4D6F-A21A-B6CC92034296}.Debug|Any CPU.ActiveCfg = Debug|Any CPU
		{C920EBC3-CF0B-4D6F-A21A-B6CC92034296}.Debug|x64.ActiveCfg = Debug|Any CPU
		{C920EBC3-CF0B-4D6F-A21A-B6CC92034296}.Debug|x64.Build.0 = Debug|Any CPU
		{C920EBC3-CF0B-4D6F-A21A-B6CC92034296}.Debug|x86.ActiveCfg = Debug|Any CPU
		{C920EBC3-CF0B-4D6F-A21A-B6CC92034296}.Debug|x86.Build.0 = Debug|Any CPU
		{C920EBC3-CF0B-4D6F-A21A-B6CC92034296}.Release|Any CPU.ActiveCfg = Release|Any CPU
		{C920EBC3-CF0B-4D6F-A21A-B6CC92034296}.Release|x64.ActiveCfg = Release|Any CPU
		{C920EBC3-CF0B-4D6F-A21A-B6CC92034296}.Release|x64.Build.0 = Release|Any CPU
		{C920EBC3-CF0B-4D6F-A21A-B6CC92034296}.Release|x86.ActiveCfg = Release|Any CPU
		{C920EBC3-CF0B-4D6F-A21A-B6CC92034296}.Release|x86.Build.0 = Release|Any CPU
		{FF12043C-4540-4CCA-9D78-07BDFD669402}.Debug|Any CPU.ActiveCfg = Debug|Any CPU
		{FF12043C-4540-4CCA-9D78-07BDFD669402}.Debug|x64.ActiveCfg = Debug|Any CPU
		{FF12043C-4540-4CCA-9D78-07BDFD669402}.Debug|x64.Build.0 = Debug|Any CPU
		{FF12043C-4540-4CCA-9D78-07BDFD669402}.Debug|x86.ActiveCfg = Debug|Any CPU
		{FF12043C-4540-4CCA-9D78-07BDFD669402}.Debug|x86.Build.0 = Debug|Any CPU
		{FF12043C-4540-4CCA-9D78-07BDFD669402}.Release|Any CPU.ActiveCfg = Release|Any CPU
		{FF12043C-4540-4CCA-9D78-07BDFD669402}.Release|x64.ActiveCfg = Release|Any CPU
		{FF12043C-4540-4CCA-9D78-07BDFD669402}.Release|x64.Build.0 = Release|Any CPU
		{FF12043C-4540-4CCA-9D78-07BDFD669402}.Release|x86.ActiveCfg = Release|Any CPU
		{FF12043C-4540-4CCA-9D78-07BDFD669402}.Release|x86.Build.0 = Release|Any CPU
		{D66E4C90-F37B-4860-9083-65042BA94E8B}.Debug|Any CPU.ActiveCfg = Debug|Any CPU
		{D66E4C90-F37B-4860-9083-65042BA94E8B}.Debug|x64.ActiveCfg = Debug|Any CPU
		{D66E4C90-F37B-4860-9083-65042BA94E8B}.Debug|x64.Build.0 = Debug|Any CPU
		{D66E4C90-F37B-4860-9083-65042BA94E8B}.Debug|x86.ActiveCfg = Debug|Any CPU
		{D66E4C90-F37B-4860-9083-65042BA94E8B}.Debug|x86.Build.0 = Debug|Any CPU
		{D66E4C90-F37B-4860-9083-65042BA94E8B}.Release|Any CPU.ActiveCfg = Release|Any CPU
		{D66E4C90-F37B-4860-9083-65042BA94E8B}.Release|x64.ActiveCfg = Release|Any CPU
		{D66E4C90-F37B-4860-9083-65042BA94E8B}.Release|x64.Build.0 = Release|Any CPU
		{D66E4C90-F37B-4860-9083-65042BA94E8B}.Release|x86.ActiveCfg = Release|Any CPU
		{D66E4C90-F37B-4860-9083-65042BA94E8B}.Release|x86.Build.0 = Release|Any CPU
		{A6548A2F-EBD1-4E02-8778-D5009442551A}.Debug|Any CPU.ActiveCfg = Debug|Any CPU
		{A6548A2F-EBD1-4E02-8778-D5009442551A}.Debug|x64.ActiveCfg = Debug|Any CPU
		{A6548A2F-EBD1-4E02-8778-D5009442551A}.Debug|x64.Build.0 = Debug|Any CPU
		{A6548A2F-EBD1-4E02-8778-D5009442551A}.Debug|x86.ActiveCfg = Debug|Any CPU
		{A6548A2F-EBD1-4E02-8778-D5009442551A}.Debug|x86.Build.0 = Debug|Any CPU
		{A6548A2F-EBD1-4E02-8778-D5009442551A}.Release|Any CPU.ActiveCfg = Release|Any CPU
		{A6548A2F-EBD1-4E02-8778-D5009442551A}.Release|x64.ActiveCfg = Release|Any CPU
		{A6548A2F-EBD1-4E02-8778-D5009442551A}.Release|x64.Build.0 = Release|Any CPU
		{A6548A2F-EBD1-4E02-8778-D5009442551A}.Release|x86.ActiveCfg = Release|Any CPU
		{A6548A2F-EBD1-4E02-8778-D5009442551A}.Release|x86.Build.0 = Release|Any CPU
		{8EC0C70B-47ED-439A-B3AA-FBE5D14222FD}.Debug|Any CPU.ActiveCfg = Debug|Any CPU
		{8EC0C70B-47ED-439A-B3AA-FBE5D14222FD}.Debug|x64.ActiveCfg = Debug|Any CPU
		{8EC0C70B-47ED-439A-B3AA-FBE5D14222FD}.Debug|x64.Build.0 = Debug|Any CPU
		{8EC0C70B-47ED-439A-B3AA-FBE5D14222FD}.Debug|x86.ActiveCfg = Debug|Any CPU
		{8EC0C70B-47ED-439A-B3AA-FBE5D14222FD}.Debug|x86.Build.0 = Debug|Any CPU
		{8EC0C70B-47ED-439A-B3AA-FBE5D14222FD}.Release|Any CPU.ActiveCfg = Release|Any CPU
		{8EC0C70B-47ED-439A-B3AA-FBE5D14222FD}.Release|x64.ActiveCfg = Release|Any CPU
		{8EC0C70B-47ED-439A-B3AA-FBE5D14222FD}.Release|x64.Build.0 = Release|Any CPU
		{8EC0C70B-47ED-439A-B3AA-FBE5D14222FD}.Release|x86.ActiveCfg = Release|Any CPU
		{8EC0C70B-47ED-439A-B3AA-FBE5D14222FD}.Release|x86.Build.0 = Release|Any CPU
		{84187EBF-4E88-48E8-8266-E8151C842F31}.Debug|Any CPU.ActiveCfg = Debug|Any CPU
		{84187EBF-4E88-48E8-8266-E8151C842F31}.Debug|x64.ActiveCfg = Debug|Any CPU
		{84187EBF-4E88-48E8-8266-E8151C842F31}.Debug|x64.Build.0 = Debug|Any CPU
		{84187EBF-4E88-48E8-8266-E8151C842F31}.Debug|x86.ActiveCfg = Debug|Any CPU
		{84187EBF-4E88-48E8-8266-E8151C842F31}.Debug|x86.Build.0 = Debug|Any CPU
		{84187EBF-4E88-48E8-8266-E8151C842F31}.Release|Any CPU.ActiveCfg = Release|Any CPU
		{84187EBF-4E88-48E8-8266-E8151C842F31}.Release|x64.ActiveCfg = Release|Any CPU
		{84187EBF-4E88-48E8-8266-E8151C842F31}.Release|x64.Build.0 = Release|Any CPU
		{84187EBF-4E88-48E8-8266-E8151C842F31}.Release|x86.ActiveCfg = Release|Any CPU
		{84187EBF-4E88-48E8-8266-E8151C842F31}.Release|x86.Build.0 = Release|Any CPU
		{0732CEC8-9EEE-4CDA-9496-A13FB98EFE4C}.Debug|Any CPU.ActiveCfg = Debug|Any CPU
		{0732CEC8-9EEE-4CDA-9496-A13FB98EFE4C}.Debug|x64.ActiveCfg = Debug|Any CPU
		{0732CEC8-9EEE-4CDA-9496-A13FB98EFE4C}.Debug|x64.Build.0 = Debug|Any CPU
		{0732CEC8-9EEE-4CDA-9496-A13FB98EFE4C}.Debug|x86.ActiveCfg = Debug|Any CPU
		{0732CEC8-9EEE-4CDA-9496-A13FB98EFE4C}.Debug|x86.Build.0 = Debug|Any CPU
		{0732CEC8-9EEE-4CDA-9496-A13FB98EFE4C}.Release|Any CPU.ActiveCfg = Release|Any CPU
		{0732CEC8-9EEE-4CDA-9496-A13FB98EFE4C}.Release|x64.ActiveCfg = Release|Any CPU
		{0732CEC8-9EEE-4CDA-9496-A13FB98EFE4C}.Release|x64.Build.0 = Release|Any CPU
		{0732CEC8-9EEE-4CDA-9496-A13FB98EFE4C}.Release|x86.ActiveCfg = Release|Any CPU
		{0732CEC8-9EEE-4CDA-9496-A13FB98EFE4C}.Release|x86.Build.0 = Release|Any CPU
		{DC1E7751-B3A6-4C82-B1F7-9617E8F719ED}.Debug|Any CPU.ActiveCfg = Debug|Any CPU
		{DC1E7751-B3A6-4C82-B1F7-9617E8F719ED}.Debug|x64.ActiveCfg = Debug|Any CPU
		{DC1E7751-B3A6-4C82-B1F7-9617E8F719ED}.Debug|x64.Build.0 = Debug|Any CPU
		{DC1E7751-B3A6-4C82-B1F7-9617E8F719ED}.Debug|x86.ActiveCfg = Debug|Any CPU
		{DC1E7751-B3A6-4C82-B1F7-9617E8F719ED}.Debug|x86.Build.0 = Debug|Any CPU
		{DC1E7751-B3A6-4C82-B1F7-9617E8F719ED}.Release|Any CPU.ActiveCfg = Release|Any CPU
		{DC1E7751-B3A6-4C82-B1F7-9617E8F719ED}.Release|x64.ActiveCfg = Release|Any CPU
		{DC1E7751-B3A6-4C82-B1F7-9617E8F719ED}.Release|x64.Build.0 = Release|Any CPU
		{DC1E7751-B3A6-4C82-B1F7-9617E8F719ED}.Release|x86.ActiveCfg = Release|Any CPU
		{DC1E7751-B3A6-4C82-B1F7-9617E8F719ED}.Release|x86.Build.0 = Release|Any CPU
		{1CF4612C-7623-454D-B559-6433687123E2}.Debug|Any CPU.ActiveCfg = Debug|Any CPU
		{1CF4612C-7623-454D-B559-6433687123E2}.Debug|x64.ActiveCfg = Debug|Any CPU
		{1CF4612C-7623-454D-B559-6433687123E2}.Debug|x64.Build.0 = Debug|Any CPU
		{1CF4612C-7623-454D-B559-6433687123E2}.Debug|x86.ActiveCfg = Debug|Any CPU
		{1CF4612C-7623-454D-B559-6433687123E2}.Debug|x86.Build.0 = Debug|Any CPU
		{1CF4612C-7623-454D-B559-6433687123E2}.Release|Any CPU.ActiveCfg = Release|Any CPU
		{1CF4612C-7623-454D-B559-6433687123E2}.Release|x64.ActiveCfg = Release|Any CPU
		{1CF4612C-7623-454D-B559-6433687123E2}.Release|x64.Build.0 = Release|Any CPU
		{1CF4612C-7623-454D-B559-6433687123E2}.Release|x86.ActiveCfg = Release|Any CPU
		{1CF4612C-7623-454D-B559-6433687123E2}.Release|x86.Build.0 = Release|Any CPU
		{456D137F-C1A6-4464-A521-0FB8FF303C61}.Debug|Any CPU.ActiveCfg = Debug|Any CPU
		{456D137F-C1A6-4464-A521-0FB8FF303C61}.Debug|x64.ActiveCfg = Debug|Any CPU
		{456D137F-C1A6-4464-A521-0FB8FF303C61}.Debug|x64.Build.0 = Debug|Any CPU
		{456D137F-C1A6-4464-A521-0FB8FF303C61}.Debug|x86.ActiveCfg = Debug|Any CPU
		{456D137F-C1A6-4464-A521-0FB8FF303C61}.Debug|x86.Build.0 = Debug|Any CPU
		{456D137F-C1A6-4464-A521-0FB8FF303C61}.Release|Any CPU.ActiveCfg = Release|Any CPU
		{456D137F-C1A6-4464-A521-0FB8FF303C61}.Release|x64.ActiveCfg = Release|Any CPU
		{456D137F-C1A6-4464-A521-0FB8FF303C61}.Release|x64.Build.0 = Release|Any CPU
		{456D137F-C1A6-4464-A521-0FB8FF303C61}.Release|x86.ActiveCfg = Release|Any CPU
		{456D137F-C1A6-4464-A521-0FB8FF303C61}.Release|x86.Build.0 = Release|Any CPU
		{2951DBDB-5E01-4CE2-8BC9-8B4EA3E204FE}.Debug|Any CPU.ActiveCfg = Debug|Any CPU
		{2951DBDB-5E01-4CE2-8BC9-8B4EA3E204FE}.Debug|x64.ActiveCfg = Debug|Any CPU
		{2951DBDB-5E01-4CE2-8BC9-8B4EA3E204FE}.Debug|x64.Build.0 = Debug|Any CPU
		{2951DBDB-5E01-4CE2-8BC9-8B4EA3E204FE}.Debug|x86.ActiveCfg = Debug|Any CPU
		{2951DBDB-5E01-4CE2-8BC9-8B4EA3E204FE}.Debug|x86.Build.0 = Debug|Any CPU
		{2951DBDB-5E01-4CE2-8BC9-8B4EA3E204FE}.Release|Any CPU.ActiveCfg = Release|Any CPU
		{2951DBDB-5E01-4CE2-8BC9-8B4EA3E204FE}.Release|x64.ActiveCfg = Release|Any CPU
		{2951DBDB-5E01-4CE2-8BC9-8B4EA3E204FE}.Release|x64.Build.0 = Release|Any CPU
		{2951DBDB-5E01-4CE2-8BC9-8B4EA3E204FE}.Release|x86.ActiveCfg = Release|Any CPU
		{2951DBDB-5E01-4CE2-8BC9-8B4EA3E204FE}.Release|x86.Build.0 = Release|Any CPU
		{21102705-7C63-4D85-9C31-982F2E612EEA}.Debug|Any CPU.ActiveCfg = Debug|Any CPU
		{21102705-7C63-4D85-9C31-982F2E612EEA}.Debug|x64.ActiveCfg = Debug|Any CPU
		{21102705-7C63-4D85-9C31-982F2E612EEA}.Debug|x64.Build.0 = Debug|Any CPU
		{21102705-7C63-4D85-9C31-982F2E612EEA}.Debug|x86.ActiveCfg = Debug|Any CPU
		{21102705-7C63-4D85-9C31-982F2E612EEA}.Debug|x86.Build.0 = Debug|Any CPU
		{21102705-7C63-4D85-9C31-982F2E612EEA}.Release|Any CPU.ActiveCfg = Release|Any CPU
		{21102705-7C63-4D85-9C31-982F2E612EEA}.Release|x64.ActiveCfg = Release|Any CPU
		{21102705-7C63-4D85-9C31-982F2E612EEA}.Release|x64.Build.0 = Release|Any CPU
		{21102705-7C63-4D85-9C31-982F2E612EEA}.Release|x86.ActiveCfg = Release|Any CPU
		{21102705-7C63-4D85-9C31-982F2E612EEA}.Release|x86.Build.0 = Release|Any CPU
	EndGlobalSection
	GlobalSection(SolutionProperties) = preSolution
		HideSolutionNode = FALSE
	EndGlobalSection
	GlobalSection(NestedProjects) = preSolution
		{75AEC697-125E-42EA-BFD4-7504A1DD2996} = {7A2DC6DD-42D2-4C78-9EDC-39327A5B8082}
		{76C2DEA4-D72F-4931-9ACA-B2DDC33BDE98} = {7A2DC6DD-42D2-4C78-9EDC-39327A5B8082}
		{8784649C-9865-451D-8080-69426E349894} = {75AEC697-125E-42EA-BFD4-7504A1DD2996}
		{AB573AA0-6761-4FFB-82EA-3671F49805F1} = {76C2DEA4-D72F-4931-9ACA-B2DDC33BDE98}
		{EAD4D3A6-9AE0-4060-9C24-E9902A620BC7} = {06E407D7-A4A3-4870-92B6-D7F8352A7164}
		{5805A6B4-6FFC-4BC0-9B44-91ADD71B6426} = {06E407D7-A4A3-4870-92B6-D7F8352A7164}
		{040C2704-72B4-437C-B130-5C08F1492678} = {75B3050D-CFA1-4C39-918B-9EBA28D5639D}
		{75B3050D-CFA1-4C39-918B-9EBA28D5639D} = {7A2DC6DD-42D2-4C78-9EDC-39327A5B8082}
		{DF5F2D7B-89F4-409A-B3E4-AD79E3337ECB} = {75AEC697-125E-42EA-BFD4-7504A1DD2996}
		{53AD8FEB-9357-46AE-ABF9-6580CB608767} = {75B3050D-CFA1-4C39-918B-9EBA28D5639D}
		{8FD08CFB-4C51-4C0B-8594-971118BF99E9} = {7A2DC6DD-42D2-4C78-9EDC-39327A5B8082}
		{A6CB85D0-88D7-4CB5-A80A-2E51EE76891F} = {8FD08CFB-4C51-4C0B-8594-971118BF99E9}
		{C5DA76E9-411E-4D06-9A5A-5702E7512B60} = {76C2DEA4-D72F-4931-9ACA-B2DDC33BDE98}
		{3124674B-8470-4075-AA2C-D9F768709A6B} = {75AEC697-125E-42EA-BFD4-7504A1DD2996}
		{19273B3A-2C8E-4A98-83A2-6B5C0B387058} = {76C2DEA4-D72F-4931-9ACA-B2DDC33BDE98}
		{C355FFA2-D2F5-4DFD-AF8F-5592A5455AD6} = {75B3050D-CFA1-4C39-918B-9EBA28D5639D}
		{B9E270CE-4E0A-4F41-82E3-657489B14A8D} = {75B3050D-CFA1-4C39-918B-9EBA28D5639D}
		{141CAD48-4B36-40B3-A634-A8727B332EC1} = {75B3050D-CFA1-4C39-918B-9EBA28D5639D}
		{42CDCB7E-7FC4-4EF1-A069-072D492B1758} = {76C2DEA4-D72F-4931-9ACA-B2DDC33BDE98}
		{13CCC2C2-8C77-45DF-8A9B-249434467C53} = {7A2DC6DD-42D2-4C78-9EDC-39327A5B8082}
		{C920EBC3-CF0B-4D6F-A21A-B6CC92034296} = {13CCC2C2-8C77-45DF-8A9B-249434467C53}
		{FF12043C-4540-4CCA-9D78-07BDFD669402} = {76C2DEA4-D72F-4931-9ACA-B2DDC33BDE98}
		{B4FBB367-2703-4848-B5B1-7F93AE6C9A07} = {7A2DC6DD-42D2-4C78-9EDC-39327A5B8082}
		{D66E4C90-F37B-4860-9083-65042BA94E8B} = {B4FBB367-2703-4848-B5B1-7F93AE6C9A07}
		{A6548A2F-EBD1-4E02-8778-D5009442551A} = {13CCC2C2-8C77-45DF-8A9B-249434467C53}
		{8EC0C70B-47ED-439A-B3AA-FBE5D14222FD} = {8FD08CFB-4C51-4C0B-8594-971118BF99E9}
		{84187EBF-4E88-48E8-8266-E8151C842F31} = {76C2DEA4-D72F-4931-9ACA-B2DDC33BDE98}
		{CC59276C-8589-4D60-8A0D-93D854EDBCE5} = {7A2DC6DD-42D2-4C78-9EDC-39327A5B8082}
		{0732CEC8-9EEE-4CDA-9496-A13FB98EFE4C} = {76C2DEA4-D72F-4931-9ACA-B2DDC33BDE98}
		{DC1E7751-B3A6-4C82-B1F7-9617E8F719ED} = {CC59276C-8589-4D60-8A0D-93D854EDBCE5}
		{1CF4612C-7623-454D-B559-6433687123E2} = {76C2DEA4-D72F-4931-9ACA-B2DDC33BDE98}
		{456D137F-C1A6-4464-A521-0FB8FF303C61} = {CC59276C-8589-4D60-8A0D-93D854EDBCE5}
		{2951DBDB-5E01-4CE2-8BC9-8B4EA3E204FE} = {76C2DEA4-D72F-4931-9ACA-B2DDC33BDE98}
		{21102705-7C63-4D85-9C31-982F2E612EEA} = {8FD08CFB-4C51-4C0B-8594-971118BF99E9}
	EndGlobalSection
	GlobalSection(ExtensibilityGlobals) = postSolution
		SolutionGuid = {EA2EFEF5-9B3B-46F2-BE4B-077ED6CADA79}
	EndGlobalSection
EndGlobal
